// !$*UTF8*$!
{
	archiveVersion = 1;
	classes = {
	};
	objectVersion = 46;
	objects = {

/* Begin PBXBuildFile section */
		04042D551F269B5700DF721D /* ConnectEdDBDelegate.swift in Sources */ = {isa = PBXBuildFile; fileRef = 04042D541F269B5700DF721D /* ConnectEdDBDelegate.swift */; };
		04042D571F269EB700DF721D /* UserDBModel.swift in Sources */ = {isa = PBXBuildFile; fileRef = 04042D561F269EB700DF721D /* UserDBModel.swift */; };
		04042D591F27B0F700DF721D /* UserTable.swift in Sources */ = {isa = PBXBuildFile; fileRef = 04042D581F27B0F700DF721D /* UserTable.swift */; };
		04645E8D1EF1EB18008B7CC4 /* SearchViewController.swift in Sources */ = {isa = PBXBuildFile; fileRef = 04645E8C1EF1EB17008B7CC4 /* SearchViewController.swift */; };
		04645E911EF1EBAA008B7CC4 /* FavoritesViewController.swift in Sources */ = {isa = PBXBuildFile; fileRef = 04645E901EF1EBAA008B7CC4 /* FavoritesViewController.swift */; };
		04645E931EF1EBE1008B7CC4 /* ChatsViewController.swift in Sources */ = {isa = PBXBuildFile; fileRef = 04645E921EF1EBE1008B7CC4 /* ChatsViewController.swift */; };
		04645E951EF1EBEB008B7CC4 /* ChatViewController.swift in Sources */ = {isa = PBXBuildFile; fileRef = 04645E941EF1EBEB008B7CC4 /* ChatViewController.swift */; };
		04645E971EF1EC10008B7CC4 /* ProfileViewController.swift in Sources */ = {isa = PBXBuildFile; fileRef = 04645E961EF1EC10008B7CC4 /* ProfileViewController.swift */; };
		04645E991EF1EC1A008B7CC4 /* MoreViewController.swift in Sources */ = {isa = PBXBuildFile; fileRef = 04645E981EF1EC1A008B7CC4 /* MoreViewController.swift */; };
		046FD1411EF08E38008DFEFD /* AppDelegate.swift in Sources */ = {isa = PBXBuildFile; fileRef = 046FD1401EF08E38008DFEFD /* AppDelegate.swift */; };
		046FD1481EF08E38008DFEFD /* Main.storyboard in Resources */ = {isa = PBXBuildFile; fileRef = 046FD1461EF08E38008DFEFD /* Main.storyboard */; };
		046FD14A1EF08E38008DFEFD /* Assets.xcassets in Resources */ = {isa = PBXBuildFile; fileRef = 046FD1491EF08E38008DFEFD /* Assets.xcassets */; };
		046FD14D1EF08E38008DFEFD /* LaunchScreen.storyboard in Resources */ = {isa = PBXBuildFile; fileRef = 046FD14B1EF08E38008DFEFD /* LaunchScreen.storyboard */; };
		047867531F1AF7CC002AD2FA /* Sdk in Resources */ = {isa = PBXBuildFile; fileRef = 047867521F1AF7CC002AD2FA /* Sdk */; };
		0478675F1F1AF920002AD2FA /* AWSMobileHubHelper.framework in Frameworks */ = {isa = PBXBuildFile; fileRef = 0478675E1F1AF920002AD2FA /* AWSMobileHubHelper.framework */; };
		047867621F1AF93C002AD2FA /* AWSCore.framework in Frameworks */ = {isa = PBXBuildFile; fileRef = 047867601F1AF93C002AD2FA /* AWSCore.framework */; };
		047867631F1AF93C002AD2FA /* AWSCore.framework in Embed Frameworks */ = {isa = PBXBuildFile; fileRef = 047867601F1AF93C002AD2FA /* AWSCore.framework */; settings = {ATTRIBUTES = (CodeSignOnCopy, RemoveHeadersOnCopy, ); }; };
		047867641F1AF93C002AD2FA /* AWSDynamoDB.framework in Frameworks */ = {isa = PBXBuildFile; fileRef = 047867611F1AF93C002AD2FA /* AWSDynamoDB.framework */; };
		047867651F1AF93C002AD2FA /* AWSDynamoDB.framework in Embed Frameworks */ = {isa = PBXBuildFile; fileRef = 047867611F1AF93C002AD2FA /* AWSDynamoDB.framework */; settings = {ATTRIBUTES = (CodeSignOnCopy, RemoveHeadersOnCopy, ); }; };
		047867671F1AF9CE002AD2FA /* libsqlite3.tbd in Frameworks */ = {isa = PBXBuildFile; fileRef = 047867661F1AF9CE002AD2FA /* libsqlite3.tbd */; };
		047867691F1AF9DE002AD2FA /* libz.tbd in Frameworks */ = {isa = PBXBuildFile; fileRef = 047867681F1AF9DE002AD2FA /* libz.tbd */; };
		047867731F1D1A8D002AD2FA /* AWSMobileClient.swift in Sources */ = {isa = PBXBuildFile; fileRef = 0478676E1F1D1A8D002AD2FA /* AWSMobileClient.swift */; };
		047867741F1D1A8D002AD2FA /* AWSMobileHubHelper.framework in Frameworks */ = {isa = PBXBuildFile; fileRef = 0478676F1F1D1A8D002AD2FA /* AWSMobileHubHelper.framework */; };
		047867751F1D1A8D002AD2FA /* ConversationDBModel.swift in Sources */ = {isa = PBXBuildFile; fileRef = 047867721F1D1A8D002AD2FA /* ConversationDBModel.swift */; };
		0478677A1F1D3CB7002AD2FA /* ConversationTable.swift in Sources */ = {isa = PBXBuildFile; fileRef = 047867791F1D3CB7002AD2FA /* ConversationTable.swift */; };
		0478677C1F1D3DEA002AD2FA /* NoSQLModelHelpers.swift in Sources */ = {isa = PBXBuildFile; fileRef = 0478677B1F1D3DEA002AD2FA /* NoSQLModelHelpers.swift */; };
		0478677E1F1D3F2A002AD2FA /* NoSQLSampleDataGenerator.swift in Sources */ = {isa = PBXBuildFile; fileRef = 0478677D1F1D3F2A002AD2FA /* NoSQLSampleDataGenerator.swift */; };
		04AF447D1F2044510038D84D /* EditProfileViewController.swift in Sources */ = {isa = PBXBuildFile; fileRef = 04AF447C1F2044510038D84D /* EditProfileViewController.swift */; };
		04BAE82F1EF45F5A003B7FCD /* StudentTableViewCell.swift in Sources */ = {isa = PBXBuildFile; fileRef = 04BAE82E1EF45F5A003B7FCD /* StudentTableViewCell.swift */; };
		04BAE8331EF4ABB2003B7FCD /* School.swift in Sources */ = {isa = PBXBuildFile; fileRef = 04BAE8321EF4ABB2003B7FCD /* School.swift */; };
		04DCD3611EF3074E001E1408 /* SearchResultsViewController.swift in Sources */ = {isa = PBXBuildFile; fileRef = 04DCD3601EF3074E001E1408 /* SearchResultsViewController.swift */; };
		04DCD3631EF32FB7001E1408 /* Student.swift in Sources */ = {isa = PBXBuildFile; fileRef = 04DCD3621EF32FB7001E1408 /* Student.swift */; };
		04FE1D1A1F0058BF009B6082 /* MessageTableViewCell.swift in Sources */ = {isa = PBXBuildFile; fileRef = 04FE1D191F0058BF009B6082 /* MessageTableViewCell.swift */; };
		04FE1D1C1F005C30009B6082 /* Conversation.swift in Sources */ = {isa = PBXBuildFile; fileRef = 04FE1D1B1F005C30009B6082 /* Conversation.swift */; };
/* End PBXBuildFile section */

/* Begin PBXCopyFilesBuildPhase section */
		0478672B1F1AEF48002AD2FA /* Embed Frameworks */ = {
			isa = PBXCopyFilesBuildPhase;
			buildActionMask = 2147483647;
			dstPath = "";
			dstSubfolderSpec = 10;
			files = (
				047867651F1AF93C002AD2FA /* AWSDynamoDB.framework in Embed Frameworks */,
				047867631F1AF93C002AD2FA /* AWSCore.framework in Embed Frameworks */,
			);
			name = "Embed Frameworks";
			runOnlyForDeploymentPostprocessing = 0;
		};
/* End PBXCopyFilesBuildPhase section */

/* Begin PBXFileReference section */
		04042D541F269B5700DF721D /* ConnectEdDBDelegate.swift */ = {isa = PBXFileReference; fileEncoding = 4; lastKnownFileType = sourcecode.swift; path = ConnectEdDBDelegate.swift; sourceTree = "<group>"; };
		04042D561F269EB700DF721D /* UserDBModel.swift */ = {isa = PBXFileReference; fileEncoding = 4; lastKnownFileType = sourcecode.swift; path = UserDBModel.swift; sourceTree = "<group>"; };
		04042D581F27B0F700DF721D /* UserTable.swift */ = {isa = PBXFileReference; fileEncoding = 4; lastKnownFileType = sourcecode.swift; path = UserTable.swift; sourceTree = "<group>"; };
		04645E8C1EF1EB17008B7CC4 /* SearchViewController.swift */ = {isa = PBXFileReference; fileEncoding = 4; lastKnownFileType = sourcecode.swift; path = SearchViewController.swift; sourceTree = "<group>"; };
		04645E901EF1EBAA008B7CC4 /* FavoritesViewController.swift */ = {isa = PBXFileReference; fileEncoding = 4; lastKnownFileType = sourcecode.swift; path = FavoritesViewController.swift; sourceTree = "<group>"; };
		04645E921EF1EBE1008B7CC4 /* ChatsViewController.swift */ = {isa = PBXFileReference; fileEncoding = 4; lastKnownFileType = sourcecode.swift; path = ChatsViewController.swift; sourceTree = "<group>"; };
		04645E941EF1EBEB008B7CC4 /* ChatViewController.swift */ = {isa = PBXFileReference; fileEncoding = 4; lastKnownFileType = sourcecode.swift; path = ChatViewController.swift; sourceTree = "<group>"; };
		04645E961EF1EC10008B7CC4 /* ProfileViewController.swift */ = {isa = PBXFileReference; fileEncoding = 4; lastKnownFileType = sourcecode.swift; path = ProfileViewController.swift; sourceTree = "<group>"; };
		04645E981EF1EC1A008B7CC4 /* MoreViewController.swift */ = {isa = PBXFileReference; fileEncoding = 4; lastKnownFileType = sourcecode.swift; path = MoreViewController.swift; sourceTree = "<group>"; };
		046FD13D1EF08E38008DFEFD /* Connect-Ed.app */ = {isa = PBXFileReference; explicitFileType = wrapper.application; includeInIndex = 0; path = "Connect-Ed.app"; sourceTree = BUILT_PRODUCTS_DIR; };
		046FD1401EF08E38008DFEFD /* AppDelegate.swift */ = {isa = PBXFileReference; lastKnownFileType = sourcecode.swift; path = AppDelegate.swift; sourceTree = "<group>"; };
		046FD1471EF08E38008DFEFD /* Base */ = {isa = PBXFileReference; lastKnownFileType = file.storyboard; name = Base; path = Base.lproj/Main.storyboard; sourceTree = "<group>"; };
		046FD1491EF08E38008DFEFD /* Assets.xcassets */ = {isa = PBXFileReference; lastKnownFileType = folder.assetcatalog; path = Assets.xcassets; sourceTree = "<group>"; };
		046FD14C1EF08E38008DFEFD /* Base */ = {isa = PBXFileReference; lastKnownFileType = file.storyboard; name = Base; path = Base.lproj/LaunchScreen.storyboard; sourceTree = "<group>"; };
		046FD14E1EF08E38008DFEFD /* Info.plist */ = {isa = PBXFileReference; lastKnownFileType = text.plist.xml; path = Info.plist; sourceTree = "<group>"; };
		047867521F1AF7CC002AD2FA /* Sdk */ = {isa = PBXFileReference; lastKnownFileType = folder; path = Sdk; sourceTree = "<group>"; };
		0478675E1F1AF920002AD2FA /* AWSMobileHubHelper.framework */ = {isa = PBXFileReference; lastKnownFileType = wrapper.framework; name = AWSMobileHubHelper.framework; path = AmazonAws/AWSMobileHubHelper.framework; sourceTree = "<group>"; };
		047867601F1AF93C002AD2FA /* AWSCore.framework */ = {isa = PBXFileReference; lastKnownFileType = wrapper.framework; name = AWSCore.framework; path = Sdk/Aws/AWSCore.framework; sourceTree = "<group>"; };
		047867611F1AF93C002AD2FA /* AWSDynamoDB.framework */ = {isa = PBXFileReference; lastKnownFileType = wrapper.framework; name = AWSDynamoDB.framework; path = Sdk/Aws/AWSDynamoDB.framework; sourceTree = "<group>"; };
		047867661F1AF9CE002AD2FA /* libsqlite3.tbd */ = {isa = PBXFileReference; lastKnownFileType = "sourcecode.text-based-dylib-definition"; name = libsqlite3.tbd; path = usr/lib/libsqlite3.tbd; sourceTree = SDKROOT; };
		047867681F1AF9DE002AD2FA /* libz.tbd */ = {isa = PBXFileReference; lastKnownFileType = "sourcecode.text-based-dylib-definition"; name = libz.tbd; path = usr/lib/libz.tbd; sourceTree = SDKROOT; };
		0478676E1F1D1A8D002AD2FA /* AWSMobileClient.swift */ = {isa = PBXFileReference; fileEncoding = 4; lastKnownFileType = sourcecode.swift; path = AWSMobileClient.swift; sourceTree = "<group>"; };
		0478676F1F1D1A8D002AD2FA /* AWSMobileHubHelper.framework */ = {isa = PBXFileReference; lastKnownFileType = wrapper.framework; path = AWSMobileHubHelper.framework; sourceTree = "<group>"; };
		047867721F1D1A8D002AD2FA /* ConversationDBModel.swift */ = {isa = PBXFileReference; fileEncoding = 4; lastKnownFileType = sourcecode.swift; path = ConversationDBModel.swift; sourceTree = "<group>"; };
		047867791F1D3CB7002AD2FA /* ConversationTable.swift */ = {isa = PBXFileReference; fileEncoding = 4; lastKnownFileType = sourcecode.swift; name = ConversationTable.swift; path = NoSQL/ConversationTable.swift; sourceTree = "<group>"; };
		0478677B1F1D3DEA002AD2FA /* NoSQLModelHelpers.swift */ = {isa = PBXFileReference; fileEncoding = 4; lastKnownFileType = sourcecode.swift; name = NoSQLModelHelpers.swift; path = NoSQL/NoSQLModelHelpers.swift; sourceTree = "<group>"; };
		0478677D1F1D3F2A002AD2FA /* NoSQLSampleDataGenerator.swift */ = {isa = PBXFileReference; fileEncoding = 4; lastKnownFileType = sourcecode.swift; name = NoSQLSampleDataGenerator.swift; path = NoSQL/NoSQLSampleDataGenerator.swift; sourceTree = "<group>"; };
		04AF447C1F2044510038D84D /* EditProfileViewController.swift */ = {isa = PBXFileReference; fileEncoding = 4; lastKnownFileType = sourcecode.swift; path = EditProfileViewController.swift; sourceTree = "<group>"; };
		04BAE82E1EF45F5A003B7FCD /* StudentTableViewCell.swift */ = {isa = PBXFileReference; fileEncoding = 4; lastKnownFileType = sourcecode.swift; path = StudentTableViewCell.swift; sourceTree = "<group>"; };
		04BAE8321EF4ABB2003B7FCD /* School.swift */ = {isa = PBXFileReference; fileEncoding = 4; lastKnownFileType = sourcecode.swift; path = School.swift; sourceTree = "<group>"; };
		04DCD3601EF3074E001E1408 /* SearchResultsViewController.swift */ = {isa = PBXFileReference; fileEncoding = 4; lastKnownFileType = sourcecode.swift; path = SearchResultsViewController.swift; sourceTree = "<group>"; };
		04DCD3621EF32FB7001E1408 /* Student.swift */ = {isa = PBXFileReference; fileEncoding = 4; lastKnownFileType = sourcecode.swift; path = Student.swift; sourceTree = "<group>"; };
		04FE1D191F0058BF009B6082 /* MessageTableViewCell.swift */ = {isa = PBXFileReference; fileEncoding = 4; lastKnownFileType = sourcecode.swift; path = MessageTableViewCell.swift; sourceTree = "<group>"; };
		04FE1D1B1F005C30009B6082 /* Conversation.swift */ = {isa = PBXFileReference; fileEncoding = 4; lastKnownFileType = sourcecode.swift; path = Conversation.swift; sourceTree = "<group>"; };
/* End PBXFileReference section */

/* Begin PBXFrameworksBuildPhase section */
		046FD13A1EF08E38008DFEFD /* Frameworks */ = {
			isa = PBXFrameworksBuildPhase;
			buildActionMask = 2147483647;
			files = (
				047867691F1AF9DE002AD2FA /* libz.tbd in Frameworks */,
				047867671F1AF9CE002AD2FA /* libsqlite3.tbd in Frameworks */,
				047867741F1D1A8D002AD2FA /* AWSMobileHubHelper.framework in Frameworks */,
				0478675F1F1AF920002AD2FA /* AWSMobileHubHelper.framework in Frameworks */,
				047867641F1AF93C002AD2FA /* AWSDynamoDB.framework in Frameworks */,
				047867621F1AF93C002AD2FA /* AWSCore.framework in Frameworks */,
			);
			runOnlyForDeploymentPostprocessing = 0;
		};
/* End PBXFrameworksBuildPhase section */

/* Begin PBXGroup section */
		046FD1341EF08E38008DFEFD = {
			isa = PBXGroup;
			children = (
				047867601F1AF93C002AD2FA /* AWSCore.framework */,
				047867611F1AF93C002AD2FA /* AWSDynamoDB.framework */,
				0478676D1F1D1A8D002AD2FA /* AmazonAws */,
				046FD13F1EF08E38008DFEFD /* Connect-Ed */,
				047867761F1D37F0002AD2FA /* NoSQL */,
				046FD13E1EF08E38008DFEFD /* Products */,
				047867521F1AF7CC002AD2FA /* Sdk */,
				0478675D1F1AF920002AD2FA /* Frameworks */,
			);
			sourceTree = "<group>";
		};
		046FD13E1EF08E38008DFEFD /* Products */ = {
			isa = PBXGroup;
			children = (
				046FD13D1EF08E38008DFEFD /* Connect-Ed.app */,
			);
			name = Products;
			sourceTree = "<group>";
		};
		046FD13F1EF08E38008DFEFD /* Connect-Ed */ = {
			isa = PBXGroup;
			children = (
				0478670A1F1AD804002AD2FA /* Connect-Ed */,
			);
			path = "Connect-Ed";
			sourceTree = "<group>";
		};
		0478670A1F1AD804002AD2FA /* Connect-Ed */ = {
			isa = PBXGroup;
			children = (
				047867311F1AF06E002AD2FA /* SupportingFiles */,
				046FD1401EF08E38008DFEFD /* AppDelegate.swift */,
				046FD1491EF08E38008DFEFD /* Assets.xcassets */,
				046FD1461EF08E38008DFEFD /* Main.storyboard */,
				046FD14B1EF08E38008DFEFD /* LaunchScreen.storyboard */,
				04645E921EF1EBE1008B7CC4 /* ChatsViewController.swift */,
				04645E941EF1EBEB008B7CC4 /* ChatViewController.swift */,
				04FE1D1B1F005C30009B6082 /* Conversation.swift */,
				04AF447C1F2044510038D84D /* EditProfileViewController.swift */,
				04645E901EF1EBAA008B7CC4 /* FavoritesViewController.swift */,
				04FE1D191F0058BF009B6082 /* MessageTableViewCell.swift */,
				04645E981EF1EC1A008B7CC4 /* MoreViewController.swift */,
				04645E961EF1EC10008B7CC4 /* ProfileViewController.swift */,
				04BAE8321EF4ABB2003B7FCD /* School.swift */,
				04645E8C1EF1EB17008B7CC4 /* SearchViewController.swift */,
				04DCD3601EF3074E001E1408 /* SearchResultsViewController.swift */,
				04DCD3621EF32FB7001E1408 /* Student.swift */,
				04BAE82E1EF45F5A003B7FCD /* StudentTableViewCell.swift */,
			);
			name = "Connect-Ed";
			sourceTree = "<group>";
		};
		047867311F1AF06E002AD2FA /* SupportingFiles */ = {
			isa = PBXGroup;
			children = (
				046FD14E1EF08E38008DFEFD /* Info.plist */,
			);
			name = SupportingFiles;
			sourceTree = "<group>";
		};
		0478675D1F1AF920002AD2FA /* Frameworks */ = {
			isa = PBXGroup;
			children = (
				047867681F1AF9DE002AD2FA /* libz.tbd */,
				047867661F1AF9CE002AD2FA /* libsqlite3.tbd */,
				0478675E1F1AF920002AD2FA /* AWSMobileHubHelper.framework */,
			);
			name = Frameworks;
			sourceTree = "<group>";
		};
		0478676D1F1D1A8D002AD2FA /* AmazonAws */ = {
			isa = PBXGroup;
			children = (
				0478676E1F1D1A8D002AD2FA /* AWSMobileClient.swift */,
				0478676F1F1D1A8D002AD2FA /* AWSMobileHubHelper.framework */,
				047867701F1D1A8D002AD2FA /* Models */,
			);
			path = AmazonAws;
			sourceTree = "<group>";
		};
		047867701F1D1A8D002AD2FA /* Models */ = {
			isa = PBXGroup;
			children = (
				047867711F1D1A8D002AD2FA /* NoSQL */,
			);
			path = Models;
			sourceTree = "<group>";
		};
		047867711F1D1A8D002AD2FA /* NoSQL */ = {
			isa = PBXGroup;
			children = (
				047867721F1D1A8D002AD2FA /* ConversationDBModel.swift */,
				04042D561F269EB700DF721D /* UserDBModel.swift */,
			);
			path = NoSQL;
			sourceTree = "<group>";
		};
		047867761F1D37F0002AD2FA /* NoSQL */ = {
			isa = PBXGroup;
			children = (
				04042D541F269B5700DF721D /* ConnectEdDBDelegate.swift */,
				047867791F1D3CB7002AD2FA /* ConversationTable.swift */,
				0478677B1F1D3DEA002AD2FA /* NoSQLModelHelpers.swift */,
				0478677D1F1D3F2A002AD2FA /* NoSQLSampleDataGenerator.swift */,
				04042D581F27B0F700DF721D /* UserTable.swift */,
			);
			name = NoSQL;
			sourceTree = "<group>";
		};
/* End PBXGroup section */

/* Begin PBXNativeTarget section */
		046FD13C1EF08E38008DFEFD /* Connect-Ed */ = {
			isa = PBXNativeTarget;
			buildConfigurationList = 046FD1671EF08E39008DFEFD /* Build configuration list for PBXNativeTarget "Connect-Ed" */;
			buildPhases = (
				046FD1391EF08E38008DFEFD /* Sources */,
				046FD13A1EF08E38008DFEFD /* Frameworks */,
				046FD13B1EF08E38008DFEFD /* Resources */,
				0478672B1F1AEF48002AD2FA /* Embed Frameworks */,
				0478675A1F1AF874002AD2FA /* ShellScript */,
			);
			buildRules = (
			);
			dependencies = (
			);
			name = "Connect-Ed";
			productName = "Connect-Ed";
			productReference = 046FD13D1EF08E38008DFEFD /* Connect-Ed.app */;
			productType = "com.apple.product-type.application";
		};
/* End PBXNativeTarget section */

/* Begin PBXProject section */
		046FD1351EF08E38008DFEFD /* Project object */ = {
			isa = PBXProject;
			attributes = {
				LastSwiftUpdateCheck = 0830;
				LastUpgradeCheck = 0830;
				ORGANIZATIONNAME = "Connect-Ed";
				TargetAttributes = {
					046FD13C1EF08E38008DFEFD = {
						CreatedOnToolsVersion = 8.3.3;
						ProvisioningStyle = Automatic;
					};
				};
			};
			buildConfigurationList = 046FD1381EF08E38008DFEFD /* Build configuration list for PBXProject "Connect-Ed" */;
			compatibilityVersion = "Xcode 3.2";
			developmentRegion = English;
			hasScannedForEncodings = 0;
			knownRegions = (
				en,
				Base,
			);
			mainGroup = 046FD1341EF08E38008DFEFD;
			productRefGroup = 046FD13E1EF08E38008DFEFD /* Products */;
			projectDirPath = "";
			projectRoot = "";
			targets = (
				046FD13C1EF08E38008DFEFD /* Connect-Ed */,
			);
		};
/* End PBXProject section */

/* Begin PBXResourcesBuildPhase section */
		046FD13B1EF08E38008DFEFD /* Resources */ = {
			isa = PBXResourcesBuildPhase;
			buildActionMask = 2147483647;
			files = (
				046FD14D1EF08E38008DFEFD /* LaunchScreen.storyboard in Resources */,
				047867531F1AF7CC002AD2FA /* Sdk in Resources */,
				046FD14A1EF08E38008DFEFD /* Assets.xcassets in Resources */,
				046FD1481EF08E38008DFEFD /* Main.storyboard in Resources */,
			);
			runOnlyForDeploymentPostprocessing = 0;
		};
/* End PBXResourcesBuildPhase section */

/* Begin PBXShellScriptBuildPhase section */
		0478675A1F1AF874002AD2FA /* ShellScript */ = {
			isa = PBXShellScriptBuildPhase;
			buildActionMask = 2147483647;
			files = (
			);
			inputPaths = (
			);
			outputPaths = (
			);
			runOnlyForDeploymentPostprocessing = 0;
			shellPath = /bin/sh;
			shellScript = "bash \"${BUILT_PRODUCTS_DIR}/${FRAMEWORKS_FOLDER_PATH}/AWSCore.framework/strip-frameworks.sh\"";
		};
/* End PBXShellScriptBuildPhase section */

/* Begin PBXSourcesBuildPhase section */
		046FD1391EF08E38008DFEFD /* Sources */ = {
			isa = PBXSourcesBuildPhase;
			buildActionMask = 2147483647;
			files = (
				04042D551F269B5700DF721D /* ConnectEdDBDelegate.swift in Sources */,
				04645E8D1EF1EB18008B7CC4 /* SearchViewController.swift in Sources */,
				04BAE82F1EF45F5A003B7FCD /* StudentTableViewCell.swift in Sources */,
				04042D591F27B0F700DF721D /* UserTable.swift in Sources */,
				047867731F1D1A8D002AD2FA /* AWSMobileClient.swift in Sources */,
				04DCD3611EF3074E001E1408 /* SearchResultsViewController.swift in Sources */,
				04645E931EF1EBE1008B7CC4 /* ChatsViewController.swift in Sources */,
				04042D571F269EB700DF721D /* UserDBModel.swift in Sources */,
				0478677E1F1D3F2A002AD2FA /* NoSQLSampleDataGenerator.swift in Sources */,
				04645E911EF1EBAA008B7CC4 /* FavoritesViewController.swift in Sources */,
				04AF447D1F2044510038D84D /* EditProfileViewController.swift in Sources */,
				04FE1D1A1F0058BF009B6082 /* MessageTableViewCell.swift in Sources */,
				047867751F1D1A8D002AD2FA /* ConversationDBModel.swift in Sources */,
				04DCD3631EF32FB7001E1408 /* Student.swift in Sources */,
				04645E971EF1EC10008B7CC4 /* ProfileViewController.swift in Sources */,
				04645E991EF1EC1A008B7CC4 /* MoreViewController.swift in Sources */,
				0478677C1F1D3DEA002AD2FA /* NoSQLModelHelpers.swift in Sources */,
				04FE1D1C1F005C30009B6082 /* Conversation.swift in Sources */,
				04BAE8331EF4ABB2003B7FCD /* School.swift in Sources */,
				04645E951EF1EBEB008B7CC4 /* ChatViewController.swift in Sources */,
				0478677A1F1D3CB7002AD2FA /* ConversationTable.swift in Sources */,
				046FD1411EF08E38008DFEFD /* AppDelegate.swift in Sources */,
			);
			runOnlyForDeploymentPostprocessing = 0;
		};
/* End PBXSourcesBuildPhase section */

/* Begin PBXVariantGroup section */
		046FD1461EF08E38008DFEFD /* Main.storyboard */ = {
			isa = PBXVariantGroup;
			children = (
				046FD1471EF08E38008DFEFD /* Base */,
			);
			name = Main.storyboard;
			sourceTree = "<group>";
		};
		046FD14B1EF08E38008DFEFD /* LaunchScreen.storyboard */ = {
			isa = PBXVariantGroup;
			children = (
				046FD14C1EF08E38008DFEFD /* Base */,
			);
			name = LaunchScreen.storyboard;
			sourceTree = "<group>";
		};
/* End PBXVariantGroup section */

/* Begin XCBuildConfiguration section */
		046FD1651EF08E39008DFEFD /* Debug */ = {
			isa = XCBuildConfiguration;
			buildSettings = {
				ALWAYS_SEARCH_USER_PATHS = NO;
				CLANG_ANALYZER_NONNULL = YES;
				CLANG_ANALYZER_NUMBER_OBJECT_CONVERSION = YES_AGGRESSIVE;
				CLANG_CXX_LANGUAGE_STANDARD = "gnu++0x";
				CLANG_CXX_LIBRARY = "libc++";
				CLANG_ENABLE_MODULES = YES;
				CLANG_ENABLE_OBJC_ARC = YES;
				CLANG_WARN_BOOL_CONVERSION = YES;
				CLANG_WARN_CONSTANT_CONVERSION = YES;
				CLANG_WARN_DIRECT_OBJC_ISA_USAGE = YES_ERROR;
				CLANG_WARN_DOCUMENTATION_COMMENTS = YES;
				CLANG_WARN_EMPTY_BODY = YES;
				CLANG_WARN_ENUM_CONVERSION = YES;
				CLANG_WARN_INFINITE_RECURSION = YES;
				CLANG_WARN_INT_CONVERSION = YES;
				CLANG_WARN_OBJC_ROOT_CLASS = YES_ERROR;
				CLANG_WARN_SUSPICIOUS_MOVE = YES;
				CLANG_WARN_UNREACHABLE_CODE = YES;
				CLANG_WARN__DUPLICATE_METHOD_MATCH = YES;
				"CODE_SIGN_IDENTITY[sdk=iphoneos*]" = "iPhone Developer";
				COPY_PHASE_STRIP = NO;
				DEBUG_INFORMATION_FORMAT = dwarf;
				ENABLE_STRICT_OBJC_MSGSEND = YES;
				ENABLE_TESTABILITY = YES;
				GCC_C_LANGUAGE_STANDARD = gnu99;
				GCC_DYNAMIC_NO_PIC = NO;
				GCC_NO_COMMON_BLOCKS = YES;
				GCC_OPTIMIZATION_LEVEL = 0;
				GCC_PREPROCESSOR_DEFINITIONS = (
					"DEBUG=1",
					"$(inherited)",
				);
				GCC_WARN_64_TO_32_BIT_CONVERSION = YES;
				GCC_WARN_ABOUT_RETURN_TYPE = YES_ERROR;
				GCC_WARN_UNDECLARED_SELECTOR = YES;
				GCC_WARN_UNINITIALIZED_AUTOS = YES_AGGRESSIVE;
				GCC_WARN_UNUSED_FUNCTION = YES;
				GCC_WARN_UNUSED_VARIABLE = YES;
				IPHONEOS_DEPLOYMENT_TARGET = 8.0;
				MTL_ENABLE_DEBUG_INFO = YES;
				ONLY_ACTIVE_ARCH = YES;
				SDKROOT = iphoneos;
				SWIFT_ACTIVE_COMPILATION_CONDITIONS = DEBUG;
				SWIFT_OPTIMIZATION_LEVEL = "-Onone";
				TARGETED_DEVICE_FAMILY = "1,2";
			};
			name = Debug;
		};
		046FD1661EF08E39008DFEFD /* Release */ = {
			isa = XCBuildConfiguration;
			buildSettings = {
				ALWAYS_SEARCH_USER_PATHS = NO;
				CLANG_ANALYZER_NONNULL = YES;
				CLANG_ANALYZER_NUMBER_OBJECT_CONVERSION = YES_AGGRESSIVE;
				CLANG_CXX_LANGUAGE_STANDARD = "gnu++0x";
				CLANG_CXX_LIBRARY = "libc++";
				CLANG_ENABLE_MODULES = YES;
				CLANG_ENABLE_OBJC_ARC = YES;
				CLANG_WARN_BOOL_CONVERSION = YES;
				CLANG_WARN_CONSTANT_CONVERSION = YES;
				CLANG_WARN_DIRECT_OBJC_ISA_USAGE = YES_ERROR;
				CLANG_WARN_DOCUMENTATION_COMMENTS = YES;
				CLANG_WARN_EMPTY_BODY = YES;
				CLANG_WARN_ENUM_CONVERSION = YES;
				CLANG_WARN_INFINITE_RECURSION = YES;
				CLANG_WARN_INT_CONVERSION = YES;
				CLANG_WARN_OBJC_ROOT_CLASS = YES_ERROR;
				CLANG_WARN_SUSPICIOUS_MOVE = YES;
				CLANG_WARN_UNREACHABLE_CODE = YES;
				CLANG_WARN__DUPLICATE_METHOD_MATCH = YES;
				"CODE_SIGN_IDENTITY[sdk=iphoneos*]" = "iPhone Developer";
				COPY_PHASE_STRIP = NO;
				DEBUG_INFORMATION_FORMAT = "dwarf-with-dsym";
				ENABLE_NS_ASSERTIONS = NO;
				ENABLE_STRICT_OBJC_MSGSEND = YES;
				GCC_C_LANGUAGE_STANDARD = gnu99;
				GCC_NO_COMMON_BLOCKS = YES;
				GCC_WARN_64_TO_32_BIT_CONVERSION = YES;
				GCC_WARN_ABOUT_RETURN_TYPE = YES_ERROR;
				GCC_WARN_UNDECLARED_SELECTOR = YES;
				GCC_WARN_UNINITIALIZED_AUTOS = YES_AGGRESSIVE;
				GCC_WARN_UNUSED_FUNCTION = YES;
				GCC_WARN_UNUSED_VARIABLE = YES;
				IPHONEOS_DEPLOYMENT_TARGET = 8.0;
				MTL_ENABLE_DEBUG_INFO = NO;
				SDKROOT = iphoneos;
				SWIFT_OPTIMIZATION_LEVEL = "-Owholemodule";
				TARGETED_DEVICE_FAMILY = "1,2";
				VALIDATE_PRODUCT = YES;
			};
			name = Release;
		};
		046FD1681EF08E39008DFEFD /* Debug */ = {
			isa = XCBuildConfiguration;
			buildSettings = {
				ASSETCATALOG_COMPILER_APPICON_NAME = AppIcon;
				"CODE_SIGN_IDENTITY[sdk=iphoneos*]" = "iPhone Developer";
				FRAMEWORK_SEARCH_PATHS = (
					"$(inherited)",
					"$(PROJECT_DIR)/AmazonAws",
					"$(PROJECT_DIR)/Sdk/Aws",
				);
				INFOPLIST_FILE = "Connect-Ed/Info.plist";
				IPHONEOS_DEPLOYMENT_TARGET = 8.0;
				LD_RUNPATH_SEARCH_PATHS = "$(inherited) @executable_path/Frameworks";
				PRODUCT_BUNDLE_IDENTIFIER = "connect-ed.online.Connect-Ed";
				PRODUCT_NAME = "$(TARGET_NAME)";
				SWIFT_VERSION = 3.0;
			};
			name = Debug;
		};
		046FD1691EF08E39008DFEFD /* Release */ = {
			isa = XCBuildConfiguration;
			buildSettings = {
				ASSETCATALOG_COMPILER_APPICON_NAME = AppIcon;
				"CODE_SIGN_IDENTITY[sdk=iphoneos*]" = "iPhone Developer";
				FRAMEWORK_SEARCH_PATHS = (
					"$(inherited)",
					"$(PROJECT_DIR)/Connect-Ed/AmazonAws",
					"$(PROJECT_DIR)/Connect-Ed/Sdk/Aws",
					"$(PROJECT_DIR)/Sdk/Aws",
					"$(PROJECT_DIR)/AmazonAws",
				);
				INFOPLIST_FILE = "Connect-Ed/Info.plist";
				IPHONEOS_DEPLOYMENT_TARGET = 8.0;
				LD_RUNPATH_SEARCH_PATHS = "$(inherited) @executable_path/Frameworks";
				PRODUCT_BUNDLE_IDENTIFIER = "connect-ed.online.Connect-Ed";
				PRODUCT_NAME = "$(TARGET_NAME)";
				SWIFT_VERSION = 3.0;
			};
			name = Release;
		};
/* End XCBuildConfiguration section */

/* Begin XCConfigurationList section */
		046FD1381EF08E38008DFEFD /* Build configuration list for PBXProject "Connect-Ed" */ = {
			isa = XCConfigurationList;
			buildConfigurations = (
				046FD1651EF08E39008DFEFD /* Debug */,
				046FD1661EF08E39008DFEFD /* Release */,
			);
			defaultConfigurationIsVisible = 0;
			defaultConfigurationName = Release;
		};
		046FD1671EF08E39008DFEFD /* Build configuration list for PBXNativeTarget "Connect-Ed" */ = {
			isa = XCConfigurationList;
			buildConfigurations = (
				046FD1681EF08E39008DFEFD /* Debug */,
				046FD1691EF08E39008DFEFD /* Release */,
			);
			defaultConfigurationIsVisible = 0;
			defaultConfigurationName = Release;
		};
/* End XCConfigurationList section */
	};
	rootObject = 046FD1351EF08E38008DFEFD /* Project object */;
}
